// !$*UTF8*$!
{
	archiveVersion = 1;
	classes = {
	};
	objectVersion = 56;
	objects = {

/* Begin PBXBuildFile section */
		FA20C9342A21E48D002D3008 /* HomeopathyAppApp.swift in Sources */ = {isa = PBXBuildFile; fileRef = FA20C9332A21E48D002D3008 /* HomeopathyAppApp.swift */; };
		FA20C9362A21E48D002D3008 /* ContentView.swift in Sources */ = {isa = PBXBuildFile; fileRef = FA20C9352A21E48D002D3008 /* ContentView.swift */; };
		FA20C9382A21E48F002D3008 /* Assets.xcassets in Resources */ = {isa = PBXBuildFile; fileRef = FA20C9372A21E48F002D3008 /* Assets.xcassets */; };
		FA20C93B2A21E48F002D3008 /* Preview Assets.xcassets in Resources */ = {isa = PBXBuildFile; fileRef = FA20C93A2A21E48F002D3008 /* Preview Assets.xcassets */; };
		FA2156872A27CFEB006DEE12 /* SceneDelegate.swift in Sources */ = {isa = PBXBuildFile; fileRef = FA2156862A27CFEB006DEE12 /* SceneDelegate.swift */; };
		FA21568D2A27D2DF006DEE12 /* HomeModuleRouter.swift in Sources */ = {isa = PBXBuildFile; fileRef = FA21568C2A27D2DF006DEE12 /* HomeModuleRouter.swift */; };
		FA2156912A27D37C006DEE12 /* BaseRouter.swift in Sources */ = {isa = PBXBuildFile; fileRef = FA2156902A27D37C006DEE12 /* BaseRouter.swift */; };
		FA2156932A27D595006DEE12 /* SplashScreenRouter.swift in Sources */ = {isa = PBXBuildFile; fileRef = FA2156922A27D595006DEE12 /* SplashScreenRouter.swift */; };
		FAC055E32A2B23EA008E401C /* SplashScreenView.swift in Sources */ = {isa = PBXBuildFile; fileRef = FAC055E22A2B23EA008E401C /* SplashScreenView.swift */; };
		FAC055E52A2B247B008E401C /* HostingViewController.swift in Sources */ = {isa = PBXBuildFile; fileRef = FAC055E42A2B247B008E401C /* HostingViewController.swift */; };
		FAC055E72A2BA1DC008E401C /* UserStorage.swift in Sources */ = {isa = PBXBuildFile; fileRef = FAC055E62A2BA1DC008E401C /* UserStorage.swift */; };
		FAC055E92A2BA271008E401C /* LoginUseCase.swift in Sources */ = {isa = PBXBuildFile; fileRef = FAC055E82A2BA271008E401C /* LoginUseCase.swift */; };
		FAC055EB2A2BA2E6008E401C /* LoginView.swift in Sources */ = {isa = PBXBuildFile; fileRef = FAC055EA2A2BA2E6008E401C /* LoginView.swift */; };
		FAC055EF2A2BA50A008E401C /* AppError.swift in Sources */ = {isa = PBXBuildFile; fileRef = FAC055EE2A2BA50A008E401C /* AppError.swift */; };
		FAC055F32A2BA674008E401C /* LoginModel.swift in Sources */ = {isa = PBXBuildFile; fileRef = FAC055F22A2BA674008E401C /* LoginModel.swift */; };
		FAC055F52A2BB028008E401C /* LoginReducer.swift in Sources */ = {isa = PBXBuildFile; fileRef = FAC055F42A2BB028008E401C /* LoginReducer.swift */; };
		FAC055F72A2BB360008E401C /* ServiceProvider.swift in Sources */ = {isa = PBXBuildFile; fileRef = FAC055F62A2BB360008E401C /* ServiceProvider.swift */; };
		FAC055F92A2BB381008E401C /* IServiceProvider.swift in Sources */ = {isa = PBXBuildFile; fileRef = FAC055F82A2BB381008E401C /* IServiceProvider.swift */; };
/* End PBXBuildFile section */

/* Begin PBXFileReference section */
		FA20C9302A21E48D002D3008 /* HomeopathyApp.app */ = {isa = PBXFileReference; explicitFileType = wrapper.application; includeInIndex = 0; path = HomeopathyApp.app; sourceTree = BUILT_PRODUCTS_DIR; };
		FA20C9332A21E48D002D3008 /* HomeopathyAppApp.swift */ = {isa = PBXFileReference; lastKnownFileType = sourcecode.swift; path = HomeopathyAppApp.swift; sourceTree = "<group>"; };
		FA20C9352A21E48D002D3008 /* ContentView.swift */ = {isa = PBXFileReference; lastKnownFileType = sourcecode.swift; path = ContentView.swift; sourceTree = "<group>"; };
		FA20C9372A21E48F002D3008 /* Assets.xcassets */ = {isa = PBXFileReference; lastKnownFileType = folder.assetcatalog; path = Assets.xcassets; sourceTree = "<group>"; };
		FA20C93A2A21E48F002D3008 /* Preview Assets.xcassets */ = {isa = PBXFileReference; lastKnownFileType = folder.assetcatalog; path = "Preview Assets.xcassets"; sourceTree = "<group>"; };
		FA2156862A27CFEB006DEE12 /* SceneDelegate.swift */ = {isa = PBXFileReference; lastKnownFileType = sourcecode.swift; path = SceneDelegate.swift; sourceTree = "<group>"; };
		FA2156892A27D1B7006DEE12 /* Info.plist */ = {isa = PBXFileReference; lastKnownFileType = text.plist; path = Info.plist; sourceTree = "<group>"; };
		FA21568C2A27D2DF006DEE12 /* HomeModuleRouter.swift */ = {isa = PBXFileReference; lastKnownFileType = sourcecode.swift; path = HomeModuleRouter.swift; sourceTree = "<group>"; };
		FA2156902A27D37C006DEE12 /* BaseRouter.swift */ = {isa = PBXFileReference; lastKnownFileType = sourcecode.swift; path = BaseRouter.swift; sourceTree = "<group>"; };
		FA2156922A27D595006DEE12 /* SplashScreenRouter.swift */ = {isa = PBXFileReference; lastKnownFileType = sourcecode.swift; path = SplashScreenRouter.swift; sourceTree = "<group>"; };
		FAC055E22A2B23EA008E401C /* SplashScreenView.swift */ = {isa = PBXFileReference; lastKnownFileType = sourcecode.swift; path = SplashScreenView.swift; sourceTree = "<group>"; };
		FAC055E42A2B247B008E401C /* HostingViewController.swift */ = {isa = PBXFileReference; lastKnownFileType = sourcecode.swift; path = HostingViewController.swift; sourceTree = "<group>"; };
		FAC055E62A2BA1DC008E401C /* UserStorage.swift */ = {isa = PBXFileReference; lastKnownFileType = sourcecode.swift; path = UserStorage.swift; sourceTree = "<group>"; };
		FAC055E82A2BA271008E401C /* LoginUseCase.swift */ = {isa = PBXFileReference; lastKnownFileType = sourcecode.swift; path = LoginUseCase.swift; sourceTree = "<group>"; };
		FAC055EA2A2BA2E6008E401C /* LoginView.swift */ = {isa = PBXFileReference; lastKnownFileType = sourcecode.swift; path = LoginView.swift; sourceTree = "<group>"; };
		FAC055EE2A2BA50A008E401C /* AppError.swift */ = {isa = PBXFileReference; lastKnownFileType = sourcecode.swift; path = AppError.swift; sourceTree = "<group>"; };
		FAC055F22A2BA674008E401C /* LoginModel.swift */ = {isa = PBXFileReference; lastKnownFileType = sourcecode.swift; path = LoginModel.swift; sourceTree = "<group>"; };
		FAC055F42A2BB028008E401C /* LoginReducer.swift */ = {isa = PBXFileReference; lastKnownFileType = sourcecode.swift; path = LoginReducer.swift; sourceTree = "<group>"; };
		FAC055F62A2BB360008E401C /* ServiceProvider.swift */ = {isa = PBXFileReference; lastKnownFileType = sourcecode.swift; path = ServiceProvider.swift; sourceTree = "<group>"; };
		FAC055F82A2BB381008E401C /* IServiceProvider.swift */ = {isa = PBXFileReference; lastKnownFileType = sourcecode.swift; path = IServiceProvider.swift; sourceTree = "<group>"; };
/* End PBXFileReference section */

/* Begin PBXFrameworksBuildPhase section */
		FA20C92D2A21E48D002D3008 /* Frameworks */ = {
			isa = PBXFrameworksBuildPhase;
			buildActionMask = 2147483647;
			files = (
			);
			runOnlyForDeploymentPostprocessing = 0;
		};
/* End PBXFrameworksBuildPhase section */

/* Begin PBXGroup section */
		FA20C9272A21E48D002D3008 = {
			isa = PBXGroup;
			children = (
				FA20C9322A21E48D002D3008 /* HomeopathyApp */,
				FA20C9312A21E48D002D3008 /* Products */,
			);
			sourceTree = "<group>";
		};
		FA20C9312A21E48D002D3008 /* Products */ = {
			isa = PBXGroup;
			children = (
				FA20C9302A21E48D002D3008 /* HomeopathyApp.app */,
			);
			name = Products;
			sourceTree = "<group>";
		};
		FA20C9322A21E48D002D3008 /* HomeopathyApp */ = {
			isa = PBXGroup;
			children = (
				FA2156892A27D1B7006DEE12 /* Info.plist */,
				FA2156852A27CCE5006DEE12 /* Common */,
				FA2156842A27CCDA006DEE12 /* Database */,
				FA2156832A27CCD0006DEE12 /* Services */,
				FA2156812A27CC14006DEE12 /* SplashScreen */,
				FA2156802A27CBF4006DEE12 /* Login */,
				FA21567F2A27CBE9006DEE12 /* Home */,
				FA20C9352A21E48D002D3008 /* ContentView.swift */,
				FA2156882A27D0BC006DEE12 /* Resources */,
				FA20C9392A21E48F002D3008 /* Preview Content */,
			);
			path = HomeopathyApp;
			sourceTree = "<group>";
		};
		FA20C9392A21E48F002D3008 /* Preview Content */ = {
			isa = PBXGroup;
			children = (
				FA20C93A2A21E48F002D3008 /* Preview Assets.xcassets */,
			);
			path = "Preview Content";
			sourceTree = "<group>";
		};
		FA21567F2A27CBE9006DEE12 /* Home */ = {
			isa = PBXGroup;
			children = (
				FA20C9332A21E48D002D3008 /* HomeopathyAppApp.swift */,
				FA2156862A27CFEB006DEE12 /* SceneDelegate.swift */,
				FA21568C2A27D2DF006DEE12 /* HomeModuleRouter.swift */,
			);
			path = Home;
			sourceTree = "<group>";
		};
		FA2156802A27CBF4006DEE12 /* Login */ = {
			isa = PBXGroup;
			children = (
				FAC055E62A2BA1DC008E401C /* UserStorage.swift */,
				FAC055E82A2BA271008E401C /* LoginUseCase.swift */,
				FAC055EA2A2BA2E6008E401C /* LoginView.swift */,
				FAC055F22A2BA674008E401C /* LoginModel.swift */,
				FAC055F42A2BB028008E401C /* LoginReducer.swift */,
			);
			path = Login;
			sourceTree = "<group>";
		};
		FA2156812A27CC14006DEE12 /* SplashScreen */ = {
			isa = PBXGroup;
			children = (
				FA2156922A27D595006DEE12 /* SplashScreenRouter.swift */,
				FAC055E22A2B23EA008E401C /* SplashScreenView.swift */,
			);
			path = SplashScreen;
			sourceTree = "<group>";
		};
		FA2156832A27CCD0006DEE12 /* Services */ = {
			isa = PBXGroup;
			children = (
				FAC055F62A2BB360008E401C /* ServiceProvider.swift */,
				FAC055F82A2BB381008E401C /* IServiceProvider.swift */,
			);
			path = Services;
			sourceTree = "<group>";
		};
		FA2156842A27CCDA006DEE12 /* Database */ = {
			isa = PBXGroup;
			children = (
			);
			path = Database;
			sourceTree = "<group>";
		};
		FA2156852A27CCE5006DEE12 /* Common */ = {
			isa = PBXGroup;
			children = (
				FA2156902A27D37C006DEE12 /* BaseRouter.swift */,
				FAC055E42A2B247B008E401C /* HostingViewController.swift */,
				FAC055EE2A2BA50A008E401C /* AppError.swift */,
			);
			path = Common;
			sourceTree = "<group>";
		};
		FA2156882A27D0BC006DEE12 /* Resources */ = {
			isa = PBXGroup;
			children = (
				FA20C9372A21E48F002D3008 /* Assets.xcassets */,
			);
			path = Resources;
			sourceTree = "<group>";
		};
/* End PBXGroup section */

/* Begin PBXNativeTarget section */
		FA20C92F2A21E48D002D3008 /* HomeopathyApp */ = {
			isa = PBXNativeTarget;
			buildConfigurationList = FA20C93E2A21E48F002D3008 /* Build configuration list for PBXNativeTarget "HomeopathyApp" */;
			buildPhases = (
				FA20C92C2A21E48D002D3008 /* Sources */,
				FA20C92D2A21E48D002D3008 /* Frameworks */,
				FA20C92E2A21E48D002D3008 /* Resources */,
			);
			buildRules = (
			);
			dependencies = (
			);
			name = HomeopathyApp;
			productName = HomeopathyApp;
			productReference = FA20C9302A21E48D002D3008 /* HomeopathyApp.app */;
			productType = "com.apple.product-type.application";
		};
/* End PBXNativeTarget section */

/* Begin PBXProject section */
		FA20C9282A21E48D002D3008 /* Project object */ = {
			isa = PBXProject;
			attributes = {
				BuildIndependentTargetsInParallel = 1;
				LastSwiftUpdateCheck = 1420;
				LastUpgradeCheck = 1420;
				TargetAttributes = {
					FA20C92F2A21E48D002D3008 = {
						CreatedOnToolsVersion = 14.2;
					};
				};
			};
			buildConfigurationList = FA20C92B2A21E48D002D3008 /* Build configuration list for PBXProject "HomeopathyApp" */;
			compatibilityVersion = "Xcode 14.0";
			developmentRegion = en;
			hasScannedForEncodings = 0;
			knownRegions = (
				en,
				Base,
			);
			mainGroup = FA20C9272A21E48D002D3008;
			productRefGroup = FA20C9312A21E48D002D3008 /* Products */;
			projectDirPath = "";
			projectRoot = "";
			targets = (
				FA20C92F2A21E48D002D3008 /* HomeopathyApp */,
			);
		};
/* End PBXProject section */

/* Begin PBXResourcesBuildPhase section */
		FA20C92E2A21E48D002D3008 /* Resources */ = {
			isa = PBXResourcesBuildPhase;
			buildActionMask = 2147483647;
			files = (
				FA20C93B2A21E48F002D3008 /* Preview Assets.xcassets in Resources */,
				FA20C9382A21E48F002D3008 /* Assets.xcassets in Resources */,
			);
			runOnlyForDeploymentPostprocessing = 0;
		};
/* End PBXResourcesBuildPhase section */

/* Begin PBXSourcesBuildPhase section */
		FA20C92C2A21E48D002D3008 /* Sources */ = {
			isa = PBXSourcesBuildPhase;
			buildActionMask = 2147483647;
			files = (
				FAC055E32A2B23EA008E401C /* SplashScreenView.swift in Sources */,
				FAC055F32A2BA674008E401C /* LoginModel.swift in Sources */,
				FAC055E52A2B247B008E401C /* HostingViewController.swift in Sources */,
				FA20C9362A21E48D002D3008 /* ContentView.swift in Sources */,
				FAC055F92A2BB381008E401C /* IServiceProvider.swift in Sources */,
				FA21568D2A27D2DF006DEE12 /* HomeModuleRouter.swift in Sources */,
				FAC055EF2A2BA50A008E401C /* AppError.swift in Sources */,
				FA2156912A27D37C006DEE12 /* BaseRouter.swift in Sources */,
				FAC055E72A2BA1DC008E401C /* UserStorage.swift in Sources */,
				FA20C9342A21E48D002D3008 /* HomeopathyAppApp.swift in Sources */,
				FAC055F52A2BB028008E401C /* LoginReducer.swift in Sources */,
				FA2156872A27CFEB006DEE12 /* SceneDelegate.swift in Sources */,
				FAC055EB2A2BA2E6008E401C /* LoginView.swift in Sources */,
				FAC055F72A2BB360008E401C /* ServiceProvider.swift in Sources */,
				FA2156932A27D595006DEE12 /* SplashScreenRouter.swift in Sources */,
				FAC055E92A2BA271008E401C /* LoginUseCase.swift in Sources */,
			);
			runOnlyForDeploymentPostprocessing = 0;
		};
/* End PBXSourcesBuildPhase section */

/* Begin XCBuildConfiguration section */
		FA20C93C2A21E48F002D3008 /* Debug */ = {
			isa = XCBuildConfiguration;
			buildSettings = {
				ALWAYS_SEARCH_USER_PATHS = NO;
				CLANG_ANALYZER_NONNULL = YES;
				CLANG_ANALYZER_NUMBER_OBJECT_CONVERSION = YES_AGGRESSIVE;
				CLANG_CXX_LANGUAGE_STANDARD = "gnu++20";
				CLANG_ENABLE_MODULES = YES;
				CLANG_ENABLE_OBJC_ARC = YES;
				CLANG_ENABLE_OBJC_WEAK = YES;
				CLANG_WARN_BLOCK_CAPTURE_AUTORELEASING = YES;
				CLANG_WARN_BOOL_CONVERSION = YES;
				CLANG_WARN_COMMA = YES;
				CLANG_WARN_CONSTANT_CONVERSION = YES;
				CLANG_WARN_DEPRECATED_OBJC_IMPLEMENTATIONS = YES;
				CLANG_WARN_DIRECT_OBJC_ISA_USAGE = YES_ERROR;
				CLANG_WARN_DOCUMENTATION_COMMENTS = YES;
				CLANG_WARN_EMPTY_BODY = YES;
				CLANG_WARN_ENUM_CONVERSION = YES;
				CLANG_WARN_INFINITE_RECURSION = YES;
				CLANG_WARN_INT_CONVERSION = YES;
				CLANG_WARN_NON_LITERAL_NULL_CONVERSION = YES;
				CLANG_WARN_OBJC_IMPLICIT_RETAIN_SELF = YES;
				CLANG_WARN_OBJC_LITERAL_CONVERSION = YES;
				CLANG_WARN_OBJC_ROOT_CLASS = YES_ERROR;
				CLANG_WARN_QUOTED_INCLUDE_IN_FRAMEWORK_HEADER = YES;
				CLANG_WARN_RANGE_LOOP_ANALYSIS = YES;
				CLANG_WARN_STRICT_PROTOTYPES = YES;
				CLANG_WARN_SUSPICIOUS_MOVE = YES;
				CLANG_WARN_UNGUARDED_AVAILABILITY = YES_AGGRESSIVE;
				CLANG_WARN_UNREACHABLE_CODE = YES;
				CLANG_WARN__DUPLICATE_METHOD_MATCH = YES;
				COPY_PHASE_STRIP = NO;
				DEBUG_INFORMATION_FORMAT = dwarf;
				ENABLE_STRICT_OBJC_MSGSEND = YES;
				ENABLE_TESTABILITY = YES;
				GCC_C_LANGUAGE_STANDARD = gnu11;
				GCC_DYNAMIC_NO_PIC = NO;
				GCC_NO_COMMON_BLOCKS = YES;
				GCC_OPTIMIZATION_LEVEL = 0;
				GCC_PREPROCESSOR_DEFINITIONS = (
					"DEBUG=1",
					"$(inherited)",
				);
				GCC_WARN_64_TO_32_BIT_CONVERSION = YES;
				GCC_WARN_ABOUT_RETURN_TYPE = YES_ERROR;
				GCC_WARN_UNDECLARED_SELECTOR = YES;
				GCC_WARN_UNINITIALIZED_AUTOS = YES_AGGRESSIVE;
				GCC_WARN_UNUSED_FUNCTION = YES;
				GCC_WARN_UNUSED_VARIABLE = YES;
				IPHONEOS_DEPLOYMENT_TARGET = 16.2;
				MTL_ENABLE_DEBUG_INFO = INCLUDE_SOURCE;
				MTL_FAST_MATH = YES;
				ONLY_ACTIVE_ARCH = YES;
				SDKROOT = iphoneos;
				SWIFT_ACTIVE_COMPILATION_CONDITIONS = DEBUG;
				SWIFT_OPTIMIZATION_LEVEL = "-Onone";
			};
			name = Debug;
		};
		FA20C93D2A21E48F002D3008 /* Release */ = {
			isa = XCBuildConfiguration;
			buildSettings = {
				ALWAYS_SEARCH_USER_PATHS = NO;
				CLANG_ANALYZER_NONNULL = YES;
				CLANG_ANALYZER_NUMBER_OBJECT_CONVERSION = YES_AGGRESSIVE;
				CLANG_CXX_LANGUAGE_STANDARD = "gnu++20";
				CLANG_ENABLE_MODULES = YES;
				CLANG_ENABLE_OBJC_ARC = YES;
				CLANG_ENABLE_OBJC_WEAK = YES;
				CLANG_WARN_BLOCK_CAPTURE_AUTORELEASING = YES;
				CLANG_WARN_BOOL_CONVERSION = YES;
				CLANG_WARN_COMMA = YES;
				CLANG_WARN_CONSTANT_CONVERSION = YES;
				CLANG_WARN_DEPRECATED_OBJC_IMPLEMENTATIONS = YES;
				CLANG_WARN_DIRECT_OBJC_ISA_USAGE = YES_ERROR;
				CLANG_WARN_DOCUMENTATION_COMMENTS = YES;
				CLANG_WARN_EMPTY_BODY = YES;
				CLANG_WARN_ENUM_CONVERSION = YES;
				CLANG_WARN_INFINITE_RECURSION = YES;
				CLANG_WARN_INT_CONVERSION = YES;
				CLANG_WARN_NON_LITERAL_NULL_CONVERSION = YES;
				CLANG_WARN_OBJC_IMPLICIT_RETAIN_SELF = YES;
				CLANG_WARN_OBJC_LITERAL_CONVERSION = YES;
				CLANG_WARN_OBJC_ROOT_CLASS = YES_ERROR;
				CLANG_WARN_QUOTED_INCLUDE_IN_FRAMEWORK_HEADER = YES;
				CLANG_WARN_RANGE_LOOP_ANALYSIS = YES;
				CLANG_WARN_STRICT_PROTOTYPES = YES;
				CLANG_WARN_SUSPICIOUS_MOVE = YES;
				CLANG_WARN_UNGUARDED_AVAILABILITY = YES_AGGRESSIVE;
				CLANG_WARN_UNREACHABLE_CODE = YES;
				CLANG_WARN__DUPLICATE_METHOD_MATCH = YES;
				COPY_PHASE_STRIP = NO;
				DEBUG_INFORMATION_FORMAT = "dwarf-with-dsym";
				ENABLE_NS_ASSERTIONS = NO;
				ENABLE_STRICT_OBJC_MSGSEND = YES;
				GCC_C_LANGUAGE_STANDARD = gnu11;
				GCC_NO_COMMON_BLOCKS = YES;
				GCC_WARN_64_TO_32_BIT_CONVERSION = YES;
				GCC_WARN_ABOUT_RETURN_TYPE = YES_ERROR;
				GCC_WARN_UNDECLARED_SELECTOR = YES;
				GCC_WARN_UNINITIALIZED_AUTOS = YES_AGGRESSIVE;
				GCC_WARN_UNUSED_FUNCTION = YES;
				GCC_WARN_UNUSED_VARIABLE = YES;
				IPHONEOS_DEPLOYMENT_TARGET = 16.2;
				MTL_ENABLE_DEBUG_INFO = NO;
				MTL_FAST_MATH = YES;
				SDKROOT = iphoneos;
				SWIFT_COMPILATION_MODE = wholemodule;
				SWIFT_OPTIMIZATION_LEVEL = "-O";
				VALIDATE_PRODUCT = YES;
			};
			name = Release;
		};
		FA20C93F2A21E48F002D3008 /* Debug */ = {
			isa = XCBuildConfiguration;
			buildSettings = {
				ASSETCATALOG_COMPILER_APPICON_NAME = AppIcon;
				ASSETCATALOG_COMPILER_GLOBAL_ACCENT_COLOR_NAME = AccentColor;
				CODE_SIGN_STYLE = Automatic;
				CURRENT_PROJECT_VERSION = 1;
				DEVELOPMENT_ASSET_PATHS = "\"HomeopathyApp/Preview Content\"";
				DEVELOPMENT_TEAM = 6KB4J4B5VM;
				ENABLE_PREVIEWS = YES;
				GENERATE_INFOPLIST_FILE = YES;
				INFOPLIST_FILE = HomeopathyApp/Info.plist;
				INFOPLIST_KEY_UIApplicationSceneManifest_Generation = YES;
				INFOPLIST_KEY_UIApplicationSupportsIndirectInputEvents = YES;
				INFOPLIST_KEY_UILaunchScreen_Generation = YES;
				INFOPLIST_KEY_UISupportedInterfaceOrientations_iPad = "UIInterfaceOrientationPortrait UIInterfaceOrientationPortraitUpsideDown UIInterfaceOrientationLandscapeLeft UIInterfaceOrientationLandscapeRight";
				INFOPLIST_KEY_UISupportedInterfaceOrientations_iPhone = "UIInterfaceOrientationPortrait UIInterfaceOrientationLandscapeLeft UIInterfaceOrientationLandscapeRight";
				IPHONEOS_DEPLOYMENT_TARGET = 14.0;
				LD_RUNPATH_SEARCH_PATHS = (
					"$(inherited)",
					"@executable_path/Frameworks",
				);
				MARKETING_VERSION = 1.0;
				PRODUCT_BUNDLE_IDENTIFIER = com.viacom.demoapp.HomeopathyApp;
				PRODUCT_NAME = "$(TARGET_NAME)";
				SWIFT_EMIT_LOC_STRINGS = YES;
				SWIFT_VERSION = 5.0;
				TARGETED_DEVICE_FAMILY = "1,2";
			};
			name = Debug;
		};
		FA20C9402A21E48F002D3008 /* Release */ = {
			isa = XCBuildConfiguration;
			buildSettings = {
				ASSETCATALOG_COMPILER_APPICON_NAME = AppIcon;
				ASSETCATALOG_COMPILER_GLOBAL_ACCENT_COLOR_NAME = AccentColor;
				CODE_SIGN_STYLE = Automatic;
				CURRENT_PROJECT_VERSION = 1;
				DEVELOPMENT_ASSET_PATHS = "\"HomeopathyApp/Preview Content\"";
				DEVELOPMENT_TEAM = 6KB4J4B5VM;
				ENABLE_PREVIEWS = YES;
				GENERATE_INFOPLIST_FILE = YES;
				INFOPLIST_FILE = HomeopathyApp/Info.plist;
				INFOPLIST_KEY_UIApplicationSceneManifest_Generation = YES;
				INFOPLIST_KEY_UIApplicationSupportsIndirectInputEvents = YES;
				INFOPLIST_KEY_UILaunchScreen_Generation = YES;
				INFOPLIST_KEY_UISupportedInterfaceOrientations_iPad = "UIInterfaceOrientationPortrait UIInterfaceOrientationPortraitUpsideDown UIInterfaceOrientationLandscapeLeft UIInterfaceOrientationLandscapeRight";
				INFOPLIST_KEY_UISupportedInterfaceOrientations_iPhone = "UIInterfaceOrientationPortrait UIInterfaceOrientationLandscapeLeft UIInterfaceOrientationLandscapeRight";
				IPHONEOS_DEPLOYMENT_TARGET = 14.0;
				LD_RUNPATH_SEARCH_PATHS = (
					"$(inherited)",
					"@executable_path/Frameworks",
				);
				MARKETING_VERSION = 1.0;
				PRODUCT_BUNDLE_IDENTIFIER = com.viacom.demoapp.HomeopathyApp;
				PRODUCT_NAME = "$(TARGET_NAME)";
				SWIFT_EMIT_LOC_STRINGS = YES;
				SWIFT_VERSION = 5.0;
				TARGETED_DEVICE_FAMILY = "1,2";
			};
			name = Release;
		};
/* End XCBuildConfiguration section */

/* Begin XCConfigurationList section */
		FA20C92B2A21E48D002D3008 /* Build configuration list for PBXProject "HomeopathyApp" */ = {
			isa = XCConfigurationList;
			buildConfigurations = (
				FA20C93C2A21E48F002D3008 /* Debug */,
				FA20C93D2A21E48F002D3008 /* Release */,
			);
			defaultConfigurationIsVisible = 0;
			defaultConfigurationName = Release;
		};
		FA20C93E2A21E48F002D3008 /* Build configuration list for PBXNativeTarget "HomeopathyApp" */ = {
			isa = XCConfigurationList;
			buildConfigurations = (
				FA20C93F2A21E48F002D3008 /* Debug */,
				FA20C9402A21E48F002D3008 /* Release */,
			);
			defaultConfigurationIsVisible = 0;
			defaultConfigurationName = Release;
		};
/* End XCConfigurationList section */
	};
	rootObject = FA20C9282A21E48D002D3008 /* Project object */;
}
